
Microsoft Visual Studio Solution File, Format Version 12.00
Project("{FAE04EC0-301F-11D3-BF4B-00C04F79EFBC}") = "BlueBirdDX", "BlueBirdDX\BlueBirdDX.csproj", "{AFAA5F2C-8004-46D9-AD40-DEE7ABB215FD}"
EndProject
Project("{FAE04EC0-301F-11D3-BF4B-00C04F79EFBC}") = "BlueBirdDX.Common", "BlueBirdDX.Common\BlueBirdDX.Common.csproj", "{2EAC426D-DFDF-4D62-B0C2-C82C9AF48CC2}"
EndProject
Project("{FAE04EC0-301F-11D3-BF4B-00C04F79EFBC}") = "BlueBirdDX.WebApp", "BlueBirdDX.WebApp\BlueBirdDX.WebApp.csproj", "{0B109661-BCE6-4061-B788-A3F34EF013BE}"
EndProject
Project("{FAE04EC0-301F-11D3-BF4B-00C04F79EFBC}") = "BlueBirdDX.PublicApi", "BlueBirdDX.PublicApi\BlueBirdDX.PublicApi.csproj", "{4A632759-A03E-4C52-BF2E-740A70856EB2}"
EndProject
Global
	GlobalSection(SolutionConfigurationPlatforms) = preSolution
		Debug|Any CPU = Debug|Any CPU
		Release|Any CPU = Release|Any CPU
	EndGlobalSection
	GlobalSection(ProjectConfigurationPlatforms) = postSolution
		{AFAA5F2C-8004-46D9-AD40-DEE7ABB215FD}.Debug|Any CPU.ActiveCfg = Debug|Any CPU
		{AFAA5F2C-8004-46D9-AD40-DEE7ABB215FD}.Debug|Any CPU.Build.0 = Debug|Any CPU
		{AFAA5F2C-8004-46D9-AD40-DEE7ABB215FD}.Release|Any CPU.ActiveCfg = Release|Any CPU
		{AFAA5F2C-8004-46D9-AD40-DEE7ABB215FD}.Release|Any CPU.Build.0 = Release|Any CPU
		{2EAC426D-DFDF-4D62-B0C2-C82C9AF48CC2}.Debug|Any CPU.ActiveCfg = Debug|Any CPU
		{2EAC426D-DFDF-4D62-B0C2-C82C9AF48CC2}.Debug|Any CPU.Build.0 = Debug|Any CPU
		{2EAC426D-DFDF-4D62-B0C2-C82C9AF48CC2}.Release|Any CPU.ActiveCfg = Release|Any CPU
		{2EAC426D-DFDF-4D62-B0C2-C82C9AF48CC2}.Release|Any CPU.Build.0 = Release|Any CPU
		{0B109661-BCE6-4061-B788-A3F34EF013BE}.Debug|Any CPU.ActiveCfg = Debug|Any CPU
		{0B109661-BCE6-4061-B788-A3F34EF013BE}.Debug|Any CPU.Build.0 = Debug|Any CPU
		{0B109661-BCE6-4061-B788-A3F34EF013BE}.Release|Any CPU.ActiveCfg = Release|Any CPU
		{0B109661-BCE6-4061-B788-A3F34EF013BE}.Release|Any CPU.Build.0 = Release|Any CPU
		{4A632759-A03E-4C52-BF2E-740A70856EB2}.Debug|Any CPU.ActiveCfg = Debug|Any CPU
		{4A632759-A03E-4C52-BF2E-740A70856EB2}.Debug|Any CPU.Build.0 = Debug|Any CPU
		{4A632759-A03E-4C52-BF2E-740A70856EB2}.Release|Any CPU.ActiveCfg = Release|Any CPU
		{4A632759-A03E-4C52-BF2E-740A70856EB2}.Release|Any CPU.Build.0 = Release|Any CPU
	EndGlobalSection
EndGlobal
